
Microsoft Visual Studio Solution File, Format Version 12.00
# Visual Studio 2012
Project("{FAE04EC0-301F-11D3-BF4B-00C04F79EFBC}") = "Tittle Turtle", "Blog1\Tittle Turtle.csproj", "{7D40878D-2740-4F97-BFAD-022CAEA2D828}"
EndProject
Global
	GlobalSection(SolutionConfigurationPlatforms) = preSolution
		Debug|Any CPU = Debug|Any CPU
		Release|Any CPU = Release|Any CPU
	EndGlobalSection
	GlobalSection(ProjectConfigurationPlatforms) = postSolution
		{7D40878D-2740-4F97-BFAD-022CAEA2D828}.Debug|Any CPU.ActiveCfg = Debug|Any CPU
		{7D40878D-2740-4F97-BFAD-022CAEA2D828}.Debug|Any CPU.Build.0 = Debug|Any CPU
		{7D40878D-2740-4F97-BFAD-022CAEA2D828}.Release|Any CPU.ActiveCfg = Release|Any CPU
		{7D40878D-2740-4F97-BFAD-022CAEA2D828}.Release|Any CPU.Build.0 = Release|Any CPU
	EndGlobalSection
	GlobalSection(SolutionProperties) = preSolution
		HideSolutionNode = FALSE
	EndGlobalSection
EndGlobal
